
Microsoft Visual Studio Solution File, Format Version 12.00
# Visual Studio Version 17
VisualStudioVersion = 17.7.34202.233
MinimumVisualStudioVersion = 10.0.40219.1
Project("{FAE04EC0-301F-11D3-BF4B-00C04F79EFBC}") = "CosmicStringCSharp", "CosmicStringCSharp\CosmicStringCSharp.csproj", "{53BA6D90-AA84-43D3-974E-FC45507DF8A6}"
EndProject
Global
	GlobalSection(SolutionConfigurationPlatforms) = preSolution
		Debug|Any CPU = Debug|Any CPU
		Release|Any CPU = Release|Any CPU
	EndGlobalSection
	GlobalSection(ProjectConfigurationPlatforms) = postSolution
		{53BA6D90-AA84-43D3-974E-FC45507DF8A6}.Debug|Any CPU.ActiveCfg = Debug|Any CPU
		{53BA6D90-AA84-43D3-974E-FC45507DF8A6}.Debug|Any CPU.Build.0 = Debug|Any CPU
		{53BA6D90-AA84-43D3-974E-FC45507DF8A6}.Release|Any CPU.ActiveCfg = Release|Any CPU
		{53BA6D90-AA84-43D3-974E-FC45507DF8A6}.Release|Any CPU.Build.0 = Release|Any CPU
	EndGlobalSection
	GlobalSection(SolutionProperties) = preSolution
		HideSolutionNode = FALSE
	EndGlobalSection
	GlobalSection(ExtensibilityGlobals) = postSolution
		SolutionGuid = {D4D62A64-98EE-4E5E-9314-9869306F7021}
	EndGlobalSection
EndGlobal
